
Microsoft Visual Studio Solution File, Format Version 12.00
# Visual Studio Version 16
VisualStudioVersion = 16.0.30128.74
MinimumVisualStudioVersion = 10.0.40219.1
Project("{FAE04EC0-301F-11D3-BF4B-00C04F79EFBC}") = "For D", "For D\For D.csproj", "{FE596F97-C018-474F-8850-2023D085ABBC}"
EndProject
Global
	GlobalSection(SolutionConfigurationPlatforms) = preSolution
		Debug|Any CPU = Debug|Any CPU
		Release|Any CPU = Release|Any CPU
	EndGlobalSection
	GlobalSection(ProjectConfigurationPlatforms) = postSolution
		{FE596F97-C018-474F-8850-2023D085ABBC}.Debug|Any CPU.ActiveCfg = Debug|Any CPU
		{FE596F97-C018-474F-8850-2023D085ABBC}.Debug|Any CPU.Build.0 = Debug|Any CPU
		{FE596F97-C018-474F-8850-2023D085ABBC}.Release|Any CPU.ActiveCfg = Release|Any CPU
		{FE596F97-C018-474F-8850-2023D085ABBC}.Release|Any CPU.Build.0 = Release|Any CPU
	EndGlobalSection
	GlobalSection(SolutionProperties) = preSolution
		HideSolutionNode = FALSE
	EndGlobalSection
	GlobalSection(ExtensibilityGlobals) = postSolution
		SolutionGuid = {221C9F9B-52D4-4ED5-A058-07C9D6A29DB0}
	EndGlobalSection
EndGlobal
